
Microsoft Visual Studio Solution File, Format Version 12.00
# Visual Studio 15
VisualStudioVersion = 15.0.26430.15
MinimumVisualStudioVersion = 10.0.40219.1
Project("{FAE04EC0-301F-11D3-BF4B-00C04F79EFBC}") = "SportsStore.Domain", "SportsStore.Domain\SportsStore.Domain.csproj", "{84C5BBA9-DD18-41B5-A99A-EEE786A745C7}"
EndProject
Project("{FAE04EC0-301F-11D3-BF4B-00C04F79EFBC}") = "SportsStore.WebUI", "SportsStore.WebUI\SportsStore.WebUI.csproj", "{9CCE8E6F-665A-4A1B-9E22-6676CC5515B2}"
EndProject
Project("{FAE04EC0-301F-11D3-BF4B-00C04F79EFBC}") = "SportsStore.UnitTests", "SportsStore.Tests\SportsStore.UnitTests.csproj", "{B3D8D7D4-23CC-44CA-940D-C20355106D2D}"
EndProject
Global
	GlobalSection(SolutionConfigurationPlatforms) = preSolution
		Debug|Any CPU = Debug|Any CPU
		Release|Any CPU = Release|Any CPU
	EndGlobalSection
	GlobalSection(ProjectConfigurationPlatforms) = postSolution
		{84C5BBA9-DD18-41B5-A99A-EEE786A745C7}.Debug|Any CPU.ActiveCfg = Debug|Any CPU
		{84C5BBA9-DD18-41B5-A99A-EEE786A745C7}.Debug|Any CPU.Build.0 = Debug|Any CPU
		{84C5BBA9-DD18-41B5-A99A-EEE786A745C7}.Release|Any CPU.ActiveCfg = Release|Any CPU
		{84C5BBA9-DD18-41B5-A99A-EEE786A745C7}.Release|Any CPU.Build.0 = Release|Any CPU
		{9CCE8E6F-665A-4A1B-9E22-6676CC5515B2}.Debug|Any CPU.ActiveCfg = Debug|Any CPU
		{9CCE8E6F-665A-4A1B-9E22-6676CC5515B2}.Debug|Any CPU.Build.0 = Debug|Any CPU
		{9CCE8E6F-665A-4A1B-9E22-6676CC5515B2}.Release|Any CPU.ActiveCfg = Release|Any CPU
		{9CCE8E6F-665A-4A1B-9E22-6676CC5515B2}.Release|Any CPU.Build.0 = Release|Any CPU
		{B3D8D7D4-23CC-44CA-940D-C20355106D2D}.Debug|Any CPU.ActiveCfg = Debug|Any CPU
		{B3D8D7D4-23CC-44CA-940D-C20355106D2D}.Debug|Any CPU.Build.0 = Debug|Any CPU
		{B3D8D7D4-23CC-44CA-940D-C20355106D2D}.Release|Any CPU.ActiveCfg = Release|Any CPU
		{B3D8D7D4-23CC-44CA-940D-C20355106D2D}.Release|Any CPU.Build.0 = Release|Any CPU
	EndGlobalSection
	GlobalSection(SolutionProperties) = preSolution
		HideSolutionNode = FALSE
	EndGlobalSection
EndGlobal
